
Microsoft Visual Studio Solution File, Format Version 12.00
# Visual Studio 15
VisualStudioVersion = 15.0.28010.2046
MinimumVisualStudioVersion = 10.0.40219.1
Project("{8BC9CEB8-8B4A-11D0-8D11-00A0C91BC942}") = "simplecodereduct", "simplecodereduct.vcxproj", "{D8AFA8C5-158B-4762-A4F3-7597399C1A3A}"
EndProject
Global
	GlobalSection(SolutionConfigurationPlatforms) = preSolution
		Debug|x64 = Debug|x64
		Release|x64 = Release|x64
	EndGlobalSection
	GlobalSection(ProjectConfigurationPlatforms) = postSolution
		{D8AFA8C5-158B-4762-A4F3-7597399C1A3A}.Debug|x64.ActiveCfg = Debug|x64
		{D8AFA8C5-158B-4762-A4F3-7597399C1A3A}.Debug|x64.Build.0 = Debug|x64
		{D8AFA8C5-158B-4762-A4F3-7597399C1A3A}.Release|x64.ActiveCfg = Release|x64
		{D8AFA8C5-158B-4762-A4F3-7597399C1A3A}.Release|x64.Build.0 = Release|x64
	EndGlobalSection
	GlobalSection(SolutionProperties) = preSolution
		HideSolutionNode = FALSE
	EndGlobalSection
	GlobalSection(ExtensibilityGlobals) = postSolution
		SolutionGuid = {04BBC8C1-CB80-4B51-B34F-E7F2DCD7DA71}
	EndGlobalSection
EndGlobal
